version = 1
revision = 2
requires-python = "==3.10.*"

[[package]]
name = "joblib"
version = "1.5.3"
source = { registry = "https://pypi.org/simple" }
sdist = { url = "https://files.pythonhosted.org/packages/41/f2/d34e8b3a08a9cc79a50b2208a93dce981fe615b64d5a4d4abee421d898df/joblib-1.5.3.tar.gz", hash = "sha256:8561a3269e6801106863fd0d6d84bb737be9e7631e33aaed3fb9ce5953688da3", size = 331603, upload-time = "2025-12-15T08:41:46.427Z" }
wheels = [
    { url = "https://files.pythonhosted.org/packages/7b/91/984aca2ec129e2757d1e4e3c81c3fcda9d0f85b74670a094cc443d9ee949/joblib-1.5.3-py3-none-any.whl", hash = "sha256:5fc3c5039fc5ca8c0276333a188bbd59d6b7ab37fe6632daa76bc7f9ec18e713", size = 309071, upload-time = "2025-12-15T08:41:44.973Z" },
]

[[package]]
name = "learning-to-rank-demo"
version = "0.1.0"
source = { editable = "." }
dependencies = [
    { name = "lightgbm" },
    { name = "numpy" },
    { name = "scikit-learn" },
    { name = "scipy" },
    { name = "xgboost" },
]

[package.metadata]
requires-dist = [
    { name = "lightgbm", specifier = ">=4.3,<5.0" },
    { name = "numpy", specifier = ">=1.24,<2.0" },
    { name = "scikit-learn", specifier = ">=1.3,<1.6" },
    { name = "scipy", specifier = ">=1.10,<1.13" },
    { name = "xgboost", specifier = ">=2.0,<3.0" },
]

[[package]]
name = "lightgbm"
version = "4.6.0"
source = { registry = "https://pypi.org/simple" }
dependencies = [
    { name = "numpy" },
    { name = "scipy" },
]
sdist = { url = "https://files.pythonhosted.org/packages/68/0b/a2e9f5c5da7ef047cc60cef37f86185088845e8433e54d2e7ed439cce8a3/lightgbm-4.6.0.tar.gz", hash = "sha256:cb1c59720eb569389c0ba74d14f52351b573af489f230032a1c9f314f8bab7fe", size = 1703705, upload-time = "2025-02-15T04:03:03.111Z" }
wheels = [
    { url = "https://files.pythonhosted.org/packages/f2/75/cffc9962cca296bc5536896b7e65b4a7cdeb8db208e71b9c0133c08f8f7e/lightgbm-4.6.0-py3-none-macosx_10_15_x86_64.whl", hash = "sha256:b7a393de8a334d5c8e490df91270f0763f83f959574d504c7ccb9eee4aef70ed", size = 2010151, upload-time = "2025-02-15T04:02:50.961Z" },
    { url = "https://files.pythonhosted.org/packages/21/1b/550ee378512b78847930f5d74228ca1fdba2a7fbdeaac9aeccc085b0e257/lightgbm-4.6.0-py3-none-macosx_12_0_arm64.whl", hash = "sha256:2dafd98d4e02b844ceb0b61450a660681076b1ea6c7adb8c566dfd66832aafad", size = 1592172, upload-time = "2025-02-15T04:02:53.937Z" },
    { url = "https://files.pythonhosted.org/packages/64/41/4fbde2c3d29e25ee7c41d87df2f2e5eda65b431ee154d4d462c31041846c/lightgbm-4.6.0-py3-none-manylinux2014_aarch64.whl", hash = "sha256:4d68712bbd2b57a0b14390cbf9376c1d5ed773fa2e71e099cac588703b590336", size = 3454567, upload-time = "2025-02-15T04:02:56.443Z" },
    { url = "https://files.pythonhosted.org/packages/42/86/dabda8fbcb1b00bcfb0003c3776e8ade1aa7b413dff0a2c08f457dace22f/lightgbm-4.6.0-py3-none-manylinux_2_28_x86_64.whl", hash = "sha256:cb19b5afea55b5b61cbb2131095f50538bd608a00655f23ad5d25ae3e3bf1c8d", size = 3569831, upload-time = "2025-02-15T04:02:58.925Z" },
    { url = "https://files.pythonhosted.org/packages/5e/23/f8b28ca248bb629b9e08f877dd2965d1994e1674a03d67cd10c5246da248/lightgbm-4.6.0-py3-none-win_amd64.whl", hash = "sha256:37089ee95664b6550a7189d887dbf098e3eadab03537e411f52c63c121e3ba4b", size = 1451509, upload-time = "2025-02-15T04:03:01.515Z" },
]

[[package]]
name = "numpy"
version = "1.26.4"
source = { registry = "https://pypi.org/simple" }
sdist = { url = "https://files.pythonhosted.org/packages/65/6e/09db70a523a96d25e115e71cc56a6f9031e7b8cd166c1ac8438307c14058/numpy-1.26.4.tar.gz", hash = "sha256:2a02aba9ed12e4ac4eb3ea9421c420301a0c6460d9830d74a9df87efa4912010", size = 15786129, upload-time = "2024-02-06T00:26:44.495Z" }
wheels = [
    { url = "https://files.pythonhosted.org/packages/a7/94/ace0fdea5241a27d13543ee117cbc65868e82213fb31a8eb7fe9ff23f313/numpy-1.26.4-cp310-cp310-macosx_10_9_x86_64.whl", hash = "sha256:9ff0f4f29c51e2803569d7a51c2304de5554655a60c5d776e35b4a41413830d0", size = 20631468, upload-time = "2024-02-05T23:48:01.194Z" },
    { url = "https://files.pythonhosted.org/packages/20/f7/b24208eba89f9d1b58c1668bc6c8c4fd472b20c45573cb767f59d49fb0f6/numpy-1.26.4-cp310-cp310-macosx_11_0_arm64.whl", hash = "sha256:2e4ee3380d6de9c9ec04745830fd9e2eccb3e6cf790d39d7b98ffd19b0dd754a", size = 13966411, upload-time = "2024-02-05T23:48:29.038Z" },
    { url = "https://files.pythonhosted.org/packages/fc/a5/4beee6488160798683eed5bdb7eead455892c3b4e1f78d79d8d3f3b084ac/numpy-1.26.4-cp310-cp310-manylinux_2_17_aarch64.manylinux2014_aarch64.whl", hash = "sha256:d209d8969599b27ad20994c8e41936ee0964e6da07478d6c35016bc386b66ad4", size = 14219016, upload-time = "2024-02-05T23:48:54.098Z" },
    { url = "https://files.pythonhosted.org/packages/4b/d7/ecf66c1cd12dc28b4040b15ab4d17b773b87fa9d29ca16125de01adb36cd/numpy-1.26.4-cp310-cp310-manylinux_2_17_x86_64.manylinux2014_x86_64.whl", hash = "sha256:ffa75af20b44f8dba823498024771d5ac50620e6915abac414251bd971b4529f", size = 18240889, upload-time = "2024-02-05T23:49:25.361Z" },
    { url = "https://files.pythonhosted.org/packages/24/03/6f229fe3187546435c4f6f89f6d26c129d4f5bed40552899fcf1f0bf9e50/numpy-1.26.4-cp310-cp310-musllinux_1_1_aarch64.whl", hash = "sha256:62b8e4b1e28009ef2846b4c7852046736bab361f7aeadeb6a5b89ebec3c7055a", size = 13876746, upload-time = "2024-02-05T23:49:51.983Z" },
    { url = "https://files.pythonhosted.org/packages/39/fe/39ada9b094f01f5a35486577c848fe274e374bbf8d8f472e1423a0bbd26d/numpy-1.26.4-cp310-cp310-musllinux_1_1_x86_64.whl", hash = "sha256:a4abb4f9001ad2858e7ac189089c42178fcce737e4169dc61321660f1a96c7d2", size = 18078620, upload-time = "2024-02-05T23:50:22.515Z" },
    { url = "https://files.pythonhosted.org/packages/d5/ef/6ad11d51197aad206a9ad2286dc1aac6a378059e06e8cf22cd08ed4f20dc/numpy-1.26.4-cp310-cp310-win32.whl", hash = "sha256:bfe25acf8b437eb2a8b2d49d443800a5f18508cd811fea3181723922a8a82b07", size = 5972659, upload-time = "2024-02-05T23:50:35.834Z" },
    { url = "https://files.pythonhosted.org/packages/19/77/538f202862b9183f54108557bfda67e17603fc560c384559e769321c9d92/numpy-1.26.4-cp310-cp310-win_amd64.whl", hash = "sha256:b97fe8060236edf3662adfc2c633f56a08ae30560c56310562cb4f95500022d5", size = 15808905, upload-time = "2024-02-05T23:51:03.701Z" },
]

[[package]]
name = "nvidia-nccl-cu12"
version = "2.30.4"
source = { registry = "https://pypi.org/simple" }
wheels = [
    { url = "https://files.pythonhosted.org/packages/bc/2b/1757b6b74ee241de5efee3f35487dcb33e09c07605254809c6ce36aeb783/nvidia_nccl_cu12-2.30.4-py3-none-manylinux_2_18_aarch64.whl", hash = "sha256:606fa9aa9215c00367d060188eb1a5bbd28396aff5e11b9200d99d1a6ab79a71", size = 300091935, upload-time = "2026-04-23T03:22:58.024Z" },
    { url = "https://files.pythonhosted.org/packages/6b/c3/0e45ff4dce8401f6ea7c25d80d75738813a47f5ae2691e2478f2fd1e5e93/nvidia_nccl_cu12-2.30.4-py3-none-manylinux_2_18_x86_64.whl", hash = "sha256:040974b261edec4b8b793e59e92ab7176fe4ab4bc61b800f9f3bfaeec2d436f3", size = 300164158, upload-time = "2026-04-23T03:23:19.589Z" },
]

[[package]]
name = "scikit-learn"
version = "1.5.2"
source = { registry = "https://pypi.org/simple" }
dependencies = [
    { name = "joblib" },
    { name = "numpy" },
    { name = "scipy" },
    { name = "threadpoolctl" },
]
sdist = { url = "https://files.pythonhosted.org/packages/37/59/44985a2bdc95c74e34fef3d10cb5d93ce13b0e2a7baefffe1b53853b502d/scikit_learn-1.5.2.tar.gz", hash = "sha256:b4237ed7b3fdd0a4882792e68ef2545d5baa50aca3bb45aa7df468138ad8f94d", size = 7001680, upload-time = "2024-09-11T15:50:10.957Z" }
wheels = [
    { url = "https://files.pythonhosted.org/packages/98/89/be41419b4bec629a4691183a5eb1796f91252a13a5ffa243fd958cad7e91/scikit_learn-1.5.2-cp310-cp310-macosx_10_9_x86_64.whl", hash = "sha256:299406827fb9a4f862626d0fe6c122f5f87f8910b86fe5daa4c32dcd742139b6", size = 12106070, upload-time = "2024-09-11T15:49:19.633Z" },
    { url = "https://files.pythonhosted.org/packages/bf/e0/3b6d777d375f3b685f433c93384cdb724fb078e1dc8f8ff0950467e56c30/scikit_learn-1.5.2-cp310-cp310-macosx_12_0_arm64.whl", hash = "sha256:2d4cad1119c77930b235579ad0dc25e65c917e756fe80cab96aa3b9428bd3fb0", size = 10971758, upload-time = "2024-09-11T15:49:22.484Z" },
    { url = "https://files.pythonhosted.org/packages/7b/31/eb7dd56c371640753953277de11356c46a3149bfeebb3d7dcd90b993715a/scikit_learn-1.5.2-cp310-cp310-manylinux_2_17_aarch64.manylinux2014_aarch64.whl", hash = "sha256:8c412ccc2ad9bf3755915e3908e677b367ebc8d010acbb3f182814524f2e5540", size = 12500080, upload-time = "2024-09-11T15:49:24.975Z" },
    { url = "https://files.pythonhosted.org/packages/4c/1e/a7c7357e704459c7d56a18df4a0bf08669442d1f8878cc0864beccd6306a/scikit_learn-1.5.2-cp310-cp310-manylinux_2_17_x86_64.manylinux2014_x86_64.whl", hash = "sha256:3a686885a4b3818d9e62904d91b57fa757fc2bed3e465c8b177be652f4dd37c8", size = 13347241, upload-time = "2024-09-11T15:49:27.891Z" },
    { url = "https://files.pythonhosted.org/packages/48/76/154ebda6794faf0b0f3ccb1b5cd9a19f0a63cb9e1f3d2c61b6114002677b/scikit_learn-1.5.2-cp310-cp310-win_amd64.whl", hash = "sha256:c15b1ca23d7c5f33cc2cb0a0d6aaacf893792271cddff0edbd6a40e8319bc113", size = 11000477, upload-time = "2024-09-11T15:49:30.693Z" },
]

[[package]]
name = "scipy"
version = "1.12.0"
source = { registry = "https://pypi.org/simple" }
dependencies = [
    { name = "numpy" },
]
sdist = { url = "https://files.pythonhosted.org/packages/30/85/cdbf2c3c460fe5aae812917866392068a88d02f07de0fe31ce738734c477/scipy-1.12.0.tar.gz", hash = "sha256:4bf5abab8a36d20193c698b0f1fc282c1d083c94723902c447e5d2f1780936a3", size = 56811768, upload-time = "2024-01-20T21:13:43.442Z" }
wheels = [
    { url = "https://files.pythonhosted.org/packages/c7/d9/214971dae573bd7e9303b56d2612dae439decbfc0dae0f539a591c0562ce/scipy-1.12.0-cp310-cp310-macosx_10_9_x86_64.whl", hash = "sha256:78e4402e140879387187f7f25d91cc592b3501a2e51dfb320f48dfb73565f10b", size = 38900384, upload-time = "2024-01-20T21:10:31.498Z" },
    { url = "https://files.pythonhosted.org/packages/dd/14/549fd7066a112c4bdf1cc11228d11284bc784ea09124fc4d663f28815564/scipy-1.12.0-cp310-cp310-macosx_12_0_arm64.whl", hash = "sha256:f5f00ebaf8de24d14b8449981a2842d404152774c1a1d880c901bf454cb8e2a1", size = 31357553, upload-time = "2024-01-20T21:10:38.509Z" },
    { url = "https://files.pythonhosted.org/packages/69/1d/0582401b6d77865e080c90f39e52f65ca2bdc94e668e0bfbed8977dae3f4/scipy-1.12.0-cp310-cp310-manylinux_2_17_aarch64.manylinux2014_aarch64.whl", hash = "sha256:e53958531a7c695ff66c2e7bb7b79560ffdc562e2051644c5576c39ff8efb563", size = 34789974, upload-time = "2024-01-20T21:10:45.054Z" },
    { url = "https://files.pythonhosted.org/packages/f5/aa/8e6071a5e4dca4ec68b5b22e4991ee74c59c5d372112b9c236ec1faff57d/scipy-1.12.0-cp310-cp310-manylinux_2_17_x86_64.manylinux2014_x86_64.whl", hash = "sha256:5e32847e08da8d895ce09d108a494d9eb78974cf6de23063f93306a3e419960c", size = 38441046, upload-time = "2024-01-20T21:10:51.285Z" },
    { url = "https://files.pythonhosted.org/packages/65/9e/43b86ec57ecdc9931b43aaf727f9d71743bfd06bdddfd441165bd3d8c6be/scipy-1.12.0-cp310-cp310-musllinux_1_1_x86_64.whl", hash = "sha256:4c1020cad92772bf44b8e4cdabc1df5d87376cb219742549ef69fc9fd86282dd", size = 38630107, upload-time = "2024-01-20T21:10:58.406Z" },
    { url = "https://files.pythonhosted.org/packages/fd/a7/5f829b100d208c85163aecba93faf01d088d944fc91585338751d812f1e4/scipy-1.12.0-cp310-cp310-win_amd64.whl", hash = "sha256:75ea2a144096b5e39402e2ff53a36fecfd3b960d786b7efd3c180e29c39e53f2", size = 46191228, upload-time = "2024-01-20T21:11:05.92Z" },
]

[[package]]
name = "threadpoolctl"
version = "3.6.0"
source = { registry = "https://pypi.org/simple" }
sdist = { url = "https://files.pythonhosted.org/packages/b7/4d/08c89e34946fce2aec4fbb45c9016efd5f4d7f24af8e5d93296e935631d8/threadpoolctl-3.6.0.tar.gz", hash = "sha256:8ab8b4aa3491d812b623328249fab5302a68d2d71745c8a4c719a2fcaba9f44e", size = 21274, upload-time = "2025-03-13T13:49:23.031Z" }
wheels = [
    { url = "https://files.pythonhosted.org/packages/32/d5/f9a850d79b0851d1d4ef6456097579a9005b31fea68726a4ae5f2d82ddd9/threadpoolctl-3.6.0-py3-none-any.whl", hash = "sha256:43a0b8fd5a2928500110039e43a5eed8480b918967083ea48dc3ab9f13c4a7fb", size = 18638, upload-time = "2025-03-13T13:49:21.846Z" },
]

[[package]]
name = "xgboost"
version = "2.1.4"
source = { registry = "https://pypi.org/simple" }
dependencies = [
    { name = "numpy" },
    { name = "nvidia-nccl-cu12", marker = "platform_machine != 'aarch64' and sys_platform == 'linux'" },
    { name = "scipy" },
]
sdist = { url = "https://files.pythonhosted.org/packages/e2/5e/860a1ef13ce38db8c257c83e138be64bcffde8f401e84bf1e2e91838afa3/xgboost-2.1.4.tar.gz", hash = "sha256:ab84c4bbedd7fae1a26f61e9dd7897421d5b08454b51c6eb072abc1d346d08d7", size = 1091127, upload-time = "2025-02-06T18:18:20.192Z" }
wheels = [
    { url = "https://files.pythonhosted.org/packages/b6/fe/7a1d2342c2e93f22b41515e02b73504c7809247b16ae395bd2ee7ef11e19/xgboost-2.1.4-py3-none-macosx_10_15_x86_64.macosx_11_0_x86_64.macosx_12_0_x86_64.whl", hash = "sha256:78d88da184562deff25c820d943420342014dd55e0f4c017cc4563c2148df5ee", size = 2140692, upload-time = "2025-02-06T18:16:59.23Z" },
    { url = "https://files.pythonhosted.org/packages/f5/b6/653a70910739f127adffbefb688ebc22b51139292757de7c22b1e04ce792/xgboost-2.1.4-py3-none-macosx_12_0_arm64.whl", hash = "sha256:523db01d4e74b05c61a985028bde88a4dd380eadc97209310621996d7d5d14a7", size = 1939418, upload-time = "2025-02-06T18:17:02.494Z" },
    { url = "https://files.pythonhosted.org/packages/43/06/905fee34c10fb0d0c3baa15106413b76f360d8e958765ec57c9eddf762fa/xgboost-2.1.4-py3-none-manylinux2014_aarch64.whl", hash = "sha256:57c7e98111aceef4b689d7d2ce738564a1f7fe44237136837a47847b8b33bade", size = 4442052, upload-time = "2025-02-06T18:17:04.029Z" },
    { url = "https://files.pythonhosted.org/packages/f8/6a/41956f91ab984f2fa44529b2551d825a20d33807eba051a60d06ede2a87c/xgboost-2.1.4-py3-none-manylinux2014_x86_64.whl", hash = "sha256:f1343a512e634822eab30d300bfc00bf777dc869d881cc74854b42173cfcdb14", size = 4533170, upload-time = "2025-02-06T18:17:05.753Z" },
    { url = "https://files.pythonhosted.org/packages/b1/53/37032dca20dae7a88ad1907f817a81f232ca6e935f0c28c98db3c0a0bd22/xgboost-2.1.4-py3-none-manylinux_2_28_aarch64.whl", hash = "sha256:d366097d0db047315736f46af852feaa907f6d7371716af741cdce488ae36d20", size = 4206715, upload-time = "2025-02-06T18:17:08.448Z" },
    { url = "https://files.pythonhosted.org/packages/e4/3c/e3a93bfa7e8693c825df5ec02a40f7ff5f0950e02198b1e85da9315a8d47/xgboost-2.1.4-py3-none-manylinux_2_28_x86_64.whl", hash = "sha256:8df6da72963969ab2bf49a520c3e147b1e15cbeddd3aa0e3e039b3532c739339", size = 223642416, upload-time = "2025-02-06T18:17:25.08Z" },
    { url = "https://files.pythonhosted.org/packages/43/80/0b5a2dfcf5b4da27b0b68d2833f05d77e1a374d43db951fca200a1f12a52/xgboost-2.1.4-py3-none-win_amd64.whl", hash = "sha256:8bbfe4fedc151b83a52edbf0de945fd94358b09a81998f2945ad330fd5f20cd6", size = 124910381, upload-time = "2025-02-06T18:17:43.202Z" },
]
